
Microsoft Visual Studio Solution File, Format Version 12.00
# Visual Studio Version 17
VisualStudioVersion = 17.3.32929.385
MinimumVisualStudioVersion = 10.0.40219.1
Project("{FAE04EC0-301F-11D3-BF4B-00C04F79EFBC}") = "Курсовая работа", "Курсовая работа\Курсовая работа.csproj", "{ECCCC31D-E947-45E4-A2E9-43CC4B5B822C}"
EndProject
Global
	GlobalSection(SolutionConfigurationPlatforms) = preSolution
		Debug|Any CPU = Debug|Any CPU
		Release|Any CPU = Release|Any CPU
	EndGlobalSection
	GlobalSection(ProjectConfigurationPlatforms) = postSolution
		{ECCCC31D-E947-45E4-A2E9-43CC4B5B822C}.Debug|Any CPU.ActiveCfg = Debug|Any CPU
		{ECCCC31D-E947-45E4-A2E9-43CC4B5B822C}.Debug|Any CPU.Build.0 = Debug|Any CPU
		{ECCCC31D-E947-45E4-A2E9-43CC4B5B822C}.Release|Any CPU.ActiveCfg = Release|Any CPU
		{ECCCC31D-E947-45E4-A2E9-43CC4B5B822C}.Release|Any CPU.Build.0 = Release|Any CPU
	EndGlobalSection
	GlobalSection(SolutionProperties) = preSolution
		HideSolutionNode = FALSE
	EndGlobalSection
	GlobalSection(ExtensibilityGlobals) = postSolution
		SolutionGuid = {B1DEEBD1-050D-4F22-9B1E-F0E6B8B5EB06}
	EndGlobalSection
EndGlobal
